<?xml version="1.0" encoding="UTF-8"?>
<CONFIG>
  <ProjectOptions>
    <Version Value="9"/>
    <PathDelim Value="\"/>
    <General>
      <Flags>
        <SaveOnlyProjectUnits Value="True"/>
        <Runnable Value="False"/>
      </Flags>
      <MainUnit Value="0"/>
      <Title Value="bbs"/>
      <UseAppBundle Value="False"/>
      <ResourceType Value="res"/>
      <ActiveWindowIndexAtStart Value="0"/>
    </General>
    <i18n>
      <EnableI18N LFM="False"/>
    </i18n>
    <VersionInfo>
      <UseVersionInfo Value="True"/>
      <AutoIncrementBuild Value="True"/>
      <MajorVersionNr Value="1"/>
      <BuildNr Value="1"/>
      <StringTable CompanyName="Berger EDB Service" FileDescription="bbs" InternalName="bbs" LegalCopyright="(c) 2014 Ralph Berger" OriginalFilename="bbs" ProductName="TeamBBS" ProductVersion="BBS"/>
    </VersionInfo>
    <BuildModes Count="1" Active="Default">
      <Item1 Name="Default" Default="True"/>
    </BuildModes>
    <PublishOptions>
      <Version Value="2"/>
      <IncludeFileFilter Value="*.(pas|pp|inc|lfm|lpr|lrs|lpi|lpk|sh|xml)"/>
      <ExcludeFileFilter Value="*.(bak|ppu|o|so);*~;backup"/>
    </PublishOptions>
    <RunParams>
      <local>
        <FormatVersion Value="1"/>
      </local>
    </RunParams>
    <RequiredPackages Count="1">
      <Item1>
        <PackageName Value="BrookRT"/>
      </Item1>
    </RequiredPackages>
    <Units Count="23">
      <Unit0>
        <Filename Value="bbs.lpr"/>
        <IsPartOfProject Value="True"/>
        <UnitName Value="bbs"/>
        <EditorIndex Value="13"/>
        <WindowIndex Value="0"/>
        <TopLine Value="1"/>
        <CursorPos X="31" Y="4"/>
        <UsageCount Value="200"/>
        <Loaded Value="True"/>
      </Unit0>
      <Unit1>
        <Filename Value="main.pas"/>
        <IsPartOfProject Value="True"/>
        <UnitName Value="main"/>
        <EditorIndex Value="0"/>
        <WindowIndex Value="0"/>
        <TopLine Value="142"/>
        <CursorPos X="23" Y="150"/>
        <UsageCount Value="200"/>
        <Loaded Value="True"/>
      </Unit1>
      <Unit2>
        <Filename Value="brokers.pas"/>
        <IsPartOfProject Value="True"/>
        <UnitName Value="Brokers"/>
        <IsVisibleTab Value="True"/>
        <EditorIndex Value="12"/>
        <WindowIndex Value="0"/>
        <TopLine Value="1"/>
        <CursorPos X="54" Y="23"/>
        <UsageCount Value="200"/>
        <Loaded Value="True"/>
      </Unit2>
      <Unit3>
        <Filename Value="forums.pas"/>
        <IsPartOfProject Value="True"/>
        <UnitName Value="forums"/>
        <EditorIndex Value="14"/>
        <WindowIndex Value="0"/>
        <TopLine Value="1"/>
        <CursorPos X="24" Y="38"/>
        <UsageCount Value="200"/>
        <Loaded Value="True"/>
      </Unit3>
      <Unit4>
        <Filename Value="registerusr.pas"/>
        <IsPartOfProject Value="True"/>
        <UnitName Value="RegisterUsr"/>
        <EditorIndex Value="20"/>
        <WindowIndex Value="0"/>
        <TopLine Value="155"/>
        <CursorPos X="1" Y="174"/>
        <UsageCount Value="201"/>
        <Loaded Value="True"/>
      </Unit4>
      <Unit5>
        <Filename Value="blowcryp.pas"/>
        <IsPartOfProject Value="True"/>
        <UnitName Value="BlowCryp"/>
        <EditorIndex Value="18"/>
        <WindowIndex Value="0"/>
        <TopLine Value="62"/>
        <CursorPos X="72" Y="74"/>
        <UsageCount Value="204"/>
        <Loaded Value="True"/>
      </Unit5>
      <Unit6>
        <Filename Value="posts.pas"/>
        <IsPartOfProject Value="True"/>
        <UnitName Value="posts"/>
        <EditorIndex Value="16"/>
        <WindowIndex Value="0"/>
        <TopLine Value="225"/>
        <CursorPos X="1" Y="254"/>
        <UsageCount Value="200"/>
        <Bookmarks Count="1">
          <Item0 X="1" Y="91" ID="7"/>
        </Bookmarks>
        <Loaded Value="True"/>
      </Unit6>
      <Unit7>
        <Filename Value="mapping.pas"/>
        <IsPartOfProject Value="True"/>
        <UnitName Value="Mapping"/>
        <EditorIndex Value="10"/>
        <WindowIndex Value="0"/>
        <TopLine Value="154"/>
        <CursorPos X="1" Y="157"/>
        <UsageCount Value="201"/>
        <Loaded Value="True"/>
      </Unit7>
      <Unit8>
        <Filename Value="logout.pas"/>
        <IsPartOfProject Value="True"/>
        <UnitName Value="Logout"/>
        <EditorIndex Value="9"/>
        <WindowIndex Value="0"/>
        <TopLine Value="3"/>
        <CursorPos X="1" Y="47"/>
        <UsageCount Value="201"/>
        <Loaded Value="True"/>
      </Unit8>
      <Unit9>
        <Filename Value="info.pas"/>
        <IsPartOfProject Value="True"/>
        <UnitName Value="info"/>
        <EditorIndex Value="2"/>
        <WindowIndex Value="0"/>
        <TopLine Value="1"/>
        <CursorPos X="1" Y="2"/>
        <UsageCount Value="200"/>
        <Loaded Value="True"/>
      </Unit9>
      <Unit10>
        <Filename Value="synacode.pas"/>
        <IsPartOfProject Value="True"/>
        <UnitName Value="synacode"/>
        <EditorIndex Value="19"/>
        <WindowIndex Value="0"/>
        <TopLine Value="1"/>
        <CursorPos X="59" Y="46"/>
        <UsageCount Value="201"/>
        <Loaded Value="True"/>
      </Unit10>
      <Unit11>
        <Filename Value="myaccnt.pas"/>
        <IsPartOfProject Value="True"/>
        <UnitName Value="myAccnt"/>
        <EditorIndex Value="21"/>
        <WindowIndex Value="0"/>
        <TopLine Value="11"/>
        <CursorPos X="1" Y="30"/>
        <UsageCount Value="200"/>
        <Loaded Value="True"/>
      </Unit11>
      <Unit12>
        <Filename Value="newthm.pas"/>
        <IsPartOfProject Value="True"/>
        <UnitName Value="newThm"/>
        <EditorIndex Value="15"/>
        <WindowIndex Value="0"/>
        <TopLine Value="1"/>
        <CursorPos X="1" Y="2"/>
        <UsageCount Value="200"/>
        <Loaded Value="True"/>
      </Unit12>
      <Unit13>
        <Filename Value="newpost.pas"/>
        <IsPartOfProject Value="True"/>
        <UnitName Value="newPost"/>
        <EditorIndex Value="17"/>
        <WindowIndex Value="0"/>
        <TopLine Value="1"/>
        <CursorPos X="1" Y="271"/>
        <UsageCount Value="201"/>
        <Loaded Value="True"/>
      </Unit13>
      <Unit14>
        <Filename Value="change.pas"/>
        <IsPartOfProject Value="True"/>
        <UnitName Value="change"/>
        <EditorIndex Value="22"/>
        <WindowIndex Value="0"/>
        <TopLine Value="231"/>
        <CursorPos X="1" Y="252"/>
        <UsageCount Value="203"/>
        <Loaded Value="True"/>
      </Unit14>
      <Unit15>
        <Filename Value="legal.pas"/>
        <IsPartOfProject Value="True"/>
        <UnitName Value="legal"/>
        <EditorIndex Value="8"/>
        <WindowIndex Value="0"/>
        <TopLine Value="1"/>
        <CursorPos X="24" Y="2"/>
        <UsageCount Value="200"/>
        <Loaded Value="True"/>
      </Unit15>
      <Unit16>
        <Filename Value="fevent.pas"/>
        <IsPartOfProject Value="True"/>
        <UnitName Value="fevent"/>
        <EditorIndex Value="7"/>
        <WindowIndex Value="0"/>
        <TopLine Value="21"/>
        <CursorPos X="11" Y="18"/>
        <UsageCount Value="200"/>
        <Loaded Value="True"/>
      </Unit16>
      <Unit17>
        <Filename Value="menu.pas"/>
        <IsPartOfProject Value="True"/>
        <UnitName Value="Menu"/>
        <EditorIndex Value="11"/>
        <WindowIndex Value="0"/>
        <TopLine Value="140"/>
        <CursorPos X="43" Y="147"/>
        <UsageCount Value="200"/>
        <Loaded Value="True"/>
      </Unit17>
      <Unit18>
        <Filename Value="upst.pas"/>
        <IsPartOfProject Value="True"/>
        <UnitName Value="upst"/>
        <EditorIndex Value="6"/>
        <WindowIndex Value="0"/>
        <TopLine Value="19"/>
        <CursorPos X="23" Y="37"/>
        <UsageCount Value="153"/>
        <Loaded Value="True"/>
      </Unit18>
      <Unit19>
        <Filename Value="find.pas"/>
        <IsPartOfProject Value="True"/>
        <UnitName Value="find"/>
        <EditorIndex Value="3"/>
        <WindowIndex Value="0"/>
        <TopLine Value="1"/>
        <CursorPos X="21" Y="2"/>
        <UsageCount Value="117"/>
        <Loaded Value="True"/>
      </Unit19>
      <Unit20>
        <Filename Value="frslt.pas"/>
        <IsPartOfProject Value="True"/>
        <UnitName Value="frslt"/>
        <EditorIndex Value="4"/>
        <WindowIndex Value="0"/>
        <TopLine Value="1"/>
        <CursorPos X="21" Y="2"/>
        <UsageCount Value="84"/>
        <Loaded Value="True"/>
      </Unit20>
      <Unit21>
        <Filename Value="geoinfo.pas"/>
        <IsPartOfProject Value="True"/>
        <UnitName Value="geoinfo"/>
        <EditorIndex Value="1"/>
        <WindowIndex Value="0"/>
        <TopLine Value="71"/>
        <CursorPos X="70" Y="51"/>
        <UsageCount Value="31"/>
        <Loaded Value="True"/>
      </Unit21>
      <Unit22>
        <Filename Value="news.pas"/>
        <IsPartOfProject Value="True"/>
        <UnitName Value="news"/>
        <EditorIndex Value="5"/>
        <WindowIndex Value="0"/>
        <TopLine Value="1"/>
        <CursorPos X="21" Y="2"/>
        <UsageCount Value="27"/>
        <Loaded Value="True"/>
      </Unit22>
    </Units>
  </ProjectOptions>
  <CompilerOptions>
    <Version Value="11"/>
    <PathDelim Value="\"/>
    <Target>
      <Filename Value="cgi1" ApplyConventions="False"/>
    </Target>
    <SearchPaths>
      <IncludeFiles Value="$(ProjOutDir)"/>
    </SearchPaths>
    <CodeGeneration>
      <Optimizations>
        <OptimizationLevel Value="2"/>
      </Optimizations>
    </CodeGeneration>
    <Linking>
      <Debugging>
        <GenerateDebugInfo Value="False"/>
      </Debugging>
    </Linking>
    <Other>
      <CompilerMessages>
        <MsgFileName Value=""/>
      </CompilerMessages>
      <CompilerPath Value="$(CompPath)"/>
    </Other>
  </CompilerOptions>
  <Debugging>
    <Exceptions Count="3">
      <Item1>
        <Name Value="EAbort"/>
      </Item1>
      <Item2>
        <Name Value="ECodetoolError"/>
      </Item2>
      <Item3>
        <Name Value="EFOpenError"/>
      </Item3>
    </Exceptions>
  </Debugging>
  <EditorMacros Count="0"/>
</CONFIG>
